
Microsoft Visual Studio Solution File, Format Version 12.00
# Visual Studio Version 16
VisualStudioVersion = 16.0.30523.141
MinimumVisualStudioVersion = 15.0.26124.0
Project("{9A19103F-16F7-4668-BE54-9A1E7A4F7556}") = "GTA3SaveEditor.Core", "src\Core\GTA3SaveEditor.Core.csproj", "{24AC769E-A0AC-470C-8B9E-D69284EAA2BB}"
EndProject
Project("{9A19103F-16F7-4668-BE54-9A1E7A4F7556}") = "GTA3SaveEditor.GUI", "src\GUI\GTA3SaveEditor.GUI.csproj", "{29B9C0AD-CCE7-4C60-AEDF-7C0DB3634DC5}"
EndProject
Project("{2150E333-8FDC-42A3-9474-1A3956D46DE8}") = "lib", "lib", "{C9122B68-2C01-4D0A-B714-A17E775381FE}"
EndProject
Project("{9A19103F-16F7-4668-BE54-9A1E7A4F7556}") = "DotNetProjects.Wpf.Extended.Toolkit", "lib\WpfExtendedToolkit\Src\Xceed.Wpf.Toolkit\DotNetProjects.Wpf.Extended.Toolkit.csproj", "{75F4D4E6-6C1F-468B-A5F7-1FE414BAB366}"
EndProject
Project("{9A19103F-16F7-4668-BE54-9A1E7A4F7556}") = "GTASaveData.Core", "lib\GTASaveData\GTASaveData.Core\GTASaveData.Core.csproj", "{04BF5E86-DFE4-45D4-B373-EA7C2807BE93}"
EndProject
Project("{9A19103F-16F7-4668-BE54-9A1E7A4F7556}") = "GTASaveData.GTA3", "lib\GTASaveData\GTASaveData.GTA3\GTASaveData.GTA3.csproj", "{007EDFB4-7945-4BF7-B97F-23593EC09335}"
EndProject
Project("{9A19103F-16F7-4668-BE54-9A1E7A4F7556}") = "ToolUI", "lib\ToolUI\ToolUI\ToolUI.csproj", "{F3D28DE4-8D93-48B3-A995-C4E5FEB5C888}"
EndProject
Global
	GlobalSection(SolutionConfigurationPlatforms) = preSolution
		Debug|Any CPU = Debug|Any CPU
		Debug|x64 = Debug|x64
		Debug|x86 = Debug|x86
		Release|Any CPU = Release|Any CPU
		Release|x64 = Release|x64
		Release|x86 = Release|x86
		Release-Standalone|Any CPU = Release-Standalone|Any CPU
		Release-Standalone|x64 = Release-Standalone|x64
		Release-Standalone|x86 = Release-Standalone|x86
	EndGlobalSection
	GlobalSection(ProjectConfigurationPlatforms) = postSolution
		{24AC769E-A0AC-470C-8B9E-D69284EAA2BB}.Debug|Any CPU.ActiveCfg = Debug|Any CPU
		{24AC769E-A0AC-470C-8B9E-D69284EAA2BB}.Debug|Any CPU.Build.0 = Debug|Any CPU
		{24AC769E-A0AC-470C-8B9E-D69284EAA2BB}.Debug|x64.ActiveCfg = Debug|Any CPU
		{24AC769E-A0AC-470C-8B9E-D69284EAA2BB}.Debug|x64.Build.0 = Debug|Any CPU
		{24AC769E-A0AC-470C-8B9E-D69284EAA2BB}.Debug|x86.ActiveCfg = Debug|Any CPU
		{24AC769E-A0AC-470C-8B9E-D69284EAA2BB}.Debug|x86.Build.0 = Debug|Any CPU
		{24AC769E-A0AC-470C-8B9E-D69284EAA2BB}.Release|Any CPU.ActiveCfg = Release|Any CPU
		{24AC769E-A0AC-470C-8B9E-D69284EAA2BB}.Release|Any CPU.Build.0 = Release|Any CPU
		{24AC769E-A0AC-470C-8B9E-D69284EAA2BB}.Release|x64.ActiveCfg = Release|Any CPU
		{24AC769E-A0AC-470C-8B9E-D69284EAA2BB}.Release|x64.Build.0 = Release|Any CPU
		{24AC769E-A0AC-470C-8B9E-D69284EAA2BB}.Release|x86.ActiveCfg = Release|Any CPU
		{24AC769E-A0AC-470C-8B9E-D69284EAA2BB}.Release|x86.Build.0 = Release|Any CPU
		{24AC769E-A0AC-470C-8B9E-D69284EAA2BB}.Release-Standalone|Any CPU.ActiveCfg = Release|Any CPU
		{24AC769E-A0AC-470C-8B9E-D69284EAA2BB}.Release-Standalone|Any CPU.Build.0 = Release|Any CPU
		{24AC769E-A0AC-470C-8B9E-D69284EAA2BB}.Release-Standalone|x64.ActiveCfg = Release-Standalone|Any CPU
		{24AC769E-A0AC-470C-8B9E-D69284EAA2BB}.Release-Standalone|x64.Build.0 = Release-Standalone|Any CPU
		{24AC769E-A0AC-470C-8B9E-D69284EAA2BB}.Release-Standalone|x86.ActiveCfg = Release-Standalone|Any CPU
		{24AC769E-A0AC-470C-8B9E-D69284EAA2BB}.Release-Standalone|x86.Build.0 = Release-Standalone|Any CPU
		{29B9C0AD-CCE7-4C60-AEDF-7C0DB3634DC5}.Debug|Any CPU.ActiveCfg = Debug|Any CPU
		{29B9C0AD-CCE7-4C60-AEDF-7C0DB3634DC5}.Debug|Any CPU.Build.0 = Debug|Any CPU
		{29B9C0AD-CCE7-4C60-AEDF-7C0DB3634DC5}.Debug|x64.ActiveCfg = Debug|Any CPU
		{29B9C0AD-CCE7-4C60-AEDF-7C0DB3634DC5}.Debug|x64.Build.0 = Debug|Any CPU
		{29B9C0AD-CCE7-4C60-AEDF-7C0DB3634DC5}.Debug|x86.ActiveCfg = Debug|Any CPU
		{29B9C0AD-CCE7-4C60-AEDF-7C0DB3634DC5}.Debug|x86.Build.0 = Debug|Any CPU
		{29B9C0AD-CCE7-4C60-AEDF-7C0DB3634DC5}.Release|Any CPU.ActiveCfg = Release|Any CPU
		{29B9C0AD-CCE7-4C60-AEDF-7C0DB3634DC5}.Release|Any CPU.Build.0 = Release|Any CPU
		{29B9C0AD-CCE7-4C60-AEDF-7C0DB3634DC5}.Release|x64.ActiveCfg = Release|Any CPU
		{29B9C0AD-CCE7-4C60-AEDF-7C0DB3634DC5}.Release|x64.Build.0 = Release|Any CPU
		{29B9C0AD-CCE7-4C60-AEDF-7C0DB3634DC5}.Release|x86.ActiveCfg = Release|Any CPU
		{29B9C0AD-CCE7-4C60-AEDF-7C0DB3634DC5}.Release|x86.Build.0 = Release|Any CPU
		{29B9C0AD-CCE7-4C60-AEDF-7C0DB3634DC5}.Release-Standalone|Any CPU.ActiveCfg = Release-Standalone|Any CPU
		{29B9C0AD-CCE7-4C60-AEDF-7C0DB3634DC5}.Release-Standalone|Any CPU.Build.0 = Release-Standalone|Any CPU
		{29B9C0AD-CCE7-4C60-AEDF-7C0DB3634DC5}.Release-Standalone|x64.ActiveCfg = Release-Standalone|Any CPU
		{29B9C0AD-CCE7-4C60-AEDF-7C0DB3634DC5}.Release-Standalone|x64.Build.0 = Release-Standalone|Any CPU
		{29B9C0AD-CCE7-4C60-AEDF-7C0DB3634DC5}.Release-Standalone|x86.ActiveCfg = Release-Standalone|Any CPU
		{29B9C0AD-CCE7-4C60-AEDF-7C0DB3634DC5}.Release-Standalone|x86.Build.0 = Release-Standalone|Any CPU
		{75F4D4E6-6C1F-468B-A5F7-1FE414BAB366}.Debug|Any CPU.ActiveCfg = Debug|Any CPU
		{75F4D4E6-6C1F-468B-A5F7-1FE414BAB366}.Debug|x64.ActiveCfg = Debug|Any CPU
		{75F4D4E6-6C1F-468B-A5F7-1FE414BAB366}.Debug|x64.Build.0 = Debug|Any CPU
		{75F4D4E6-6C1F-468B-A5F7-1FE414BAB366}.Debug|x86.ActiveCfg = Debug|Any CPU
		{75F4D4E6-6C1F-468B-A5F7-1FE414BAB366}.Debug|x86.Build.0 = Debug|Any CPU
		{75F4D4E6-6C1F-468B-A5F7-1FE414BAB366}.Release|Any CPU.ActiveCfg = Release|Any CPU
		{75F4D4E6-6C1F-468B-A5F7-1FE414BAB366}.Release|Any CPU.Build.0 = Release|Any CPU
		{75F4D4E6-6C1F-468B-A5F7-1FE414BAB366}.Release|x64.ActiveCfg = Release|Any CPU
		{75F4D4E6-6C1F-468B-A5F7-1FE414BAB366}.Release|x64.Build.0 = Release|Any CPU
		{75F4D4E6-6C1F-468B-A5F7-1FE414BAB366}.Release|x86.ActiveCfg = Release|Any CPU
		{75F4D4E6-6C1F-468B-A5F7-1FE414BAB366}.Release|x86.Build.0 = Release|Any CPU
		{75F4D4E6-6C1F-468B-A5F7-1FE414BAB366}.Release-Standalone|Any CPU.ActiveCfg = Release|Any CPU
		{75F4D4E6-6C1F-468B-A5F7-1FE414BAB366}.Release-Standalone|Any CPU.Build.0 = Release|Any CPU
		{75F4D4E6-6C1F-468B-A5F7-1FE414BAB366}.Release-Standalone|x64.ActiveCfg = Release-Standalone|Any CPU
		{75F4D4E6-6C1F-468B-A5F7-1FE414BAB366}.Release-Standalone|x64.Build.0 = Release-Standalone|Any CPU
		{75F4D4E6-6C1F-468B-A5F7-1FE414BAB366}.Release-Standalone|x86.ActiveCfg = Release-Standalone|Any CPU
		{75F4D4E6-6C1F-468B-A5F7-1FE414BAB366}.Release-Standalone|x86.Build.0 = Release-Standalone|Any CPU
		{04BF5E86-DFE4-45D4-B373-EA7C2807BE93}.Debug|Any CPU.ActiveCfg = Debug|Any CPU
		{04BF5E86-DFE4-45D4-B373-EA7C2807BE93}.Debug|x64.ActiveCfg = Debug|Any CPU
		{04BF5E86-DFE4-45D4-B373-EA7C2807BE93}.Debug|x64.Build.0 = Debug|Any CPU
		{04BF5E86-DFE4-45D4-B373-EA7C2807BE93}.Debug|x86.ActiveCfg = Debug|Any CPU
		{04BF5E86-DFE4-45D4-B373-EA7C2807BE93}.Debug|x86.Build.0 = Debug|Any CPU
		{04BF5E86-DFE4-45D4-B373-EA7C2807BE93}.Release|Any CPU.ActiveCfg = Release|Any CPU
		{04BF5E86-DFE4-45D4-B373-EA7C2807BE93}.Release|Any CPU.Build.0 = Release|Any CPU
		{04BF5E86-DFE4-45D4-B373-EA7C2807BE93}.Release|x64.ActiveCfg = Release|Any CPU
		{04BF5E86-DFE4-45D4-B373-EA7C2807BE93}.Release|x64.Build.0 = Release|Any CPU
		{04BF5E86-DFE4-45D4-B373-EA7C2807BE93}.Release|x86.ActiveCfg = Release|Any CPU
		{04BF5E86-DFE4-45D4-B373-EA7C2807BE93}.Release|x86.Build.0 = Release|Any CPU
		{04BF5E86-DFE4-45D4-B373-EA7C2807BE93}.Release-Standalone|Any CPU.ActiveCfg = Release|Any CPU
		{04BF5E86-DFE4-45D4-B373-EA7C2807BE93}.Release-Standalone|Any CPU.Build.0 = Release|Any CPU
		{04BF5E86-DFE4-45D4-B373-EA7C2807BE93}.Release-Standalone|x64.ActiveCfg = Release-Standalone|Any CPU
		{04BF5E86-DFE4-45D4-B373-EA7C2807BE93}.Release-Standalone|x64.Build.0 = Release-Standalone|Any CPU
		{04BF5E86-DFE4-45D4-B373-EA7C2807BE93}.Release-Standalone|x86.ActiveCfg = Release-Standalone|Any CPU
		{04BF5E86-DFE4-45D4-B373-EA7C2807BE93}.Release-Standalone|x86.Build.0 = Release-Standalone|Any CPU
		{007EDFB4-7945-4BF7-B97F-23593EC09335}.Debug|Any CPU.ActiveCfg = Debug|Any CPU
		{007EDFB4-7945-4BF7-B97F-23593EC09335}.Debug|x64.ActiveCfg = Debug|Any CPU
		{007EDFB4-7945-4BF7-B97F-23593EC09335}.Debug|x64.Build.0 = Debug|Any CPU
		{007EDFB4-7945-4BF7-B97F-23593EC09335}.Debug|x86.ActiveCfg = Debug|Any CPU
		{007EDFB4-7945-4BF7-B97F-23593EC09335}.Debug|x86.Build.0 = Debug|Any CPU
		{007EDFB4-7945-4BF7-B97F-23593EC09335}.Release|Any CPU.ActiveCfg = Release|Any CPU
		{007EDFB4-7945-4BF7-B97F-23593EC09335}.Release|Any CPU.Build.0 = Release|Any CPU
		{007EDFB4-7945-4BF7-B97F-23593EC09335}.Release|x64.ActiveCfg = Release|Any CPU
		{007EDFB4-7945-4BF7-B97F-23593EC09335}.Release|x64.Build.0 = Release|Any CPU
		{007EDFB4-7945-4BF7-B97F-23593EC09335}.Release|x86.ActiveCfg = Release|Any CPU
		{007EDFB4-7945-4BF7-B97F-23593EC09335}.Release|x86.Build.0 = Release|Any CPU
		{007EDFB4-7945-4BF7-B97F-23593EC09335}.Release-Standalone|Any CPU.ActiveCfg = Release|Any CPU
		{007EDFB4-7945-4BF7-B97F-23593EC09335}.Release-Standalone|Any CPU.Build.0 = Release|Any CPU
		{007EDFB4-7945-4BF7-B97F-23593EC09335}.Release-Standalone|x64.ActiveCfg = Release-Standalone|Any CPU
		{007EDFB4-7945-4BF7-B97F-23593EC09335}.Release-Standalone|x64.Build.0 = Release-Standalone|Any CPU
		{007EDFB4-7945-4BF7-B97F-23593EC09335}.Release-Standalone|x86.ActiveCfg = Release-Standalone|Any CPU
		{007EDFB4-7945-4BF7-B97F-23593EC09335}.Release-Standalone|x86.Build.0 = Release-Standalone|Any CPU
		{F3D28DE4-8D93-48B3-A995-C4E5FEB5C888}.Debug|Any CPU.ActiveCfg = Debug|Any CPU
		{F3D28DE4-8D93-48B3-A995-C4E5FEB5C888}.Debug|x64.ActiveCfg = Debug|Any CPU
		{F3D28DE4-8D93-48B3-A995-C4E5FEB5C888}.Debug|x64.Build.0 = Debug|Any CPU
		{F3D28DE4-8D93-48B3-A995-C4E5FEB5C888}.Debug|x86.ActiveCfg = Debug|Any CPU
		{F3D28DE4-8D93-48B3-A995-C4E5FEB5C888}.Debug|x86.Build.0 = Debug|Any CPU
		{F3D28DE4-8D93-48B3-A995-C4E5FEB5C888}.Release|Any CPU.ActiveCfg = Release|Any CPU
		{F3D28DE4-8D93-48B3-A995-C4E5FEB5C888}.Release|Any CPU.Build.0 = Release|Any CPU
		{F3D28DE4-8D93-48B3-A995-C4E5FEB5C888}.Release|x64.ActiveCfg = Release|Any CPU
		{F3D28DE4-8D93-48B3-A995-C4E5FEB5C888}.Release|x64.Build.0 = Release|Any CPU
		{F3D28DE4-8D93-48B3-A995-C4E5FEB5C888}.Release|x86.ActiveCfg = Release|Any CPU
		{F3D28DE4-8D93-48B3-A995-C4E5FEB5C888}.Release|x86.Build.0 = Release|Any CPU
		{F3D28DE4-8D93-48B3-A995-C4E5FEB5C888}.Release-Standalone|Any CPU.ActiveCfg = Release|Any CPU
		{F3D28DE4-8D93-48B3-A995-C4E5FEB5C888}.Release-Standalone|Any CPU.Build.0 = Release|Any CPU
		{F3D28DE4-8D93-48B3-A995-C4E5FEB5C888}.Release-Standalone|x64.ActiveCfg = Release-Standalone|Any CPU
		{F3D28DE4-8D93-48B3-A995-C4E5FEB5C888}.Release-Standalone|x64.Build.0 = Release-Standalone|Any CPU
		{F3D28DE4-8D93-48B3-A995-C4E5FEB5C888}.Release-Standalone|x86.ActiveCfg = Release-Standalone|Any CPU
		{F3D28DE4-8D93-48B3-A995-C4E5FEB5C888}.Release-Standalone|x86.Build.0 = Release-Standalone|Any CPU
	EndGlobalSection
	GlobalSection(SolutionProperties) = preSolution
		HideSolutionNode = FALSE
	EndGlobalSection
	GlobalSection(NestedProjects) = preSolution
		{75F4D4E6-6C1F-468B-A5F7-1FE414BAB366} = {C9122B68-2C01-4D0A-B714-A17E775381FE}
		{04BF5E86-DFE4-45D4-B373-EA7C2807BE93} = {C9122B68-2C01-4D0A-B714-A17E775381FE}
		{007EDFB4-7945-4BF7-B97F-23593EC09335} = {C9122B68-2C01-4D0A-B714-A17E775381FE}
		{F3D28DE4-8D93-48B3-A995-C4E5FEB5C888} = {C9122B68-2C01-4D0A-B714-A17E775381FE}
	EndGlobalSection
	GlobalSection(ExtensibilityGlobals) = postSolution
		SolutionGuid = {C4B8374E-3BAA-476C-8046-815DCBF14879}
	EndGlobalSection
EndGlobal
